
Microsoft Visual Studio Solution File, Format Version 12.00
# Visual Studio Version 16
VisualStudioVersion = 16.0.29424.173
MinimumVisualStudioVersion = 10.0.40219.1
Project("{9A19103F-16F7-4668-BE54-9A1E7A4F7556}") = "Platform.Communication.Protocol.Lino", "Platform.Communication.Protocol.Lino\Platform.Communication.Protocol.Lino.csproj", "{12AFD505-41F7-4770-B443-C0266B01FFCE}"
EndProject
Project("{9A19103F-16F7-4668-BE54-9A1E7A4F7556}") = "Platform.Communication.Protocol.Lino.Tests", "Platform.Communication.Protocol.Lino.Tests\Platform.Communication.Protocol.Lino.Tests.csproj", "{C7045E4C-796C-420D-8D5F-B0064D341FED}"
EndProject
Global
	GlobalSection(SolutionConfigurationPlatforms) = preSolution
		Debug|Any CPU = Debug|Any CPU
		Release|Any CPU = Release|Any CPU
	EndGlobalSection
	GlobalSection(ProjectConfigurationPlatforms) = postSolution
		{12AFD505-41F7-4770-B443-C0266B01FFCE}.Debug|Any CPU.ActiveCfg = Debug|Any CPU
		{12AFD505-41F7-4770-B443-C0266B01FFCE}.Debug|Any CPU.Build.0 = Debug|Any CPU
		{12AFD505-41F7-4770-B443-C0266B01FFCE}.Release|Any CPU.ActiveCfg = Release|Any CPU
		{12AFD505-41F7-4770-B443-C0266B01FFCE}.Release|Any CPU.Build.0 = Release|Any CPU
		{C7045E4C-796C-420D-8D5F-B0064D341FED}.Debug|Any CPU.ActiveCfg = Debug|Any CPU
		{C7045E4C-796C-420D-8D5F-B0064D341FED}.Debug|Any CPU.Build.0 = Debug|Any CPU
		{C7045E4C-796C-420D-8D5F-B0064D341FED}.Release|Any CPU.ActiveCfg = Release|Any CPU
		{C7045E4C-796C-420D-8D5F-B0064D341FED}.Release|Any CPU.Build.0 = Release|Any CPU
	EndGlobalSection
	GlobalSection(SolutionProperties) = preSolution
		HideSolutionNode = FALSE
	EndGlobalSection
	GlobalSection(ExtensibilityGlobals) = postSolution
		SolutionGuid = {46E5C402-C949-48B5-8BA5-9EC0CF8FE257}
	EndGlobalSection
EndGlobal
